
Microsoft Visual Studio Solution File, Format Version 12.00
# Visual Studio Version 17
VisualStudioVersion = 17.13.35825.156 d17.13
MinimumVisualStudioVersion = 10.0.40219.1
Project("{FAE04EC0-301F-11D3-BF4B-00C04F79EFBC}") = "Exercicio01", "Exercicio01\Exercicio01.csproj", "{396D6270-877D-4282-A567-2C11D72F0B53}"
EndProject
Project("{FAE04EC0-301F-11D3-BF4B-00C04F79EFBC}") = "Exercicio02", "Exercicio02\Exercicio02.csproj", "{80268000-8CCF-41F1-91C6-3B32F81FFD39}"
EndProject
Project("{FAE04EC0-301F-11D3-BF4B-00C04F79EFBC}") = "Exercicio03", "Exercicio03\Exercicio03.csproj", "{DCEA4691-8683-402D-A346-4D02E615F618}"
EndProject
Project("{FAE04EC0-301F-11D3-BF4B-00C04F79EFBC}") = "Exercicio04", "Exercicio04\Exercicio04.csproj", "{2285909D-E8A0-43AD-B15E-C6986EA7275E}"
EndProject
Project("{FAE04EC0-301F-11D3-BF4B-00C04F79EFBC}") = "Exercicio05", "Exercicio05\Exercicio05.csproj", "{0ADAB5E8-B8E4-4EF2-BF2B-9DB822814ED9}"
EndProject
Project("{FAE04EC0-301F-11D3-BF4B-00C04F79EFBC}") = "Exercicio06", "Exercicio06\Exercicio06.csproj", "{4EC5C8E9-8132-42D6-98EE-1E632629C2E0}"
EndProject
Project("{FAE04EC0-301F-11D3-BF4B-00C04F79EFBC}") = "Exercicio 07", "Exercicio 07\Exercicio 07.csproj", "{2D3BCF6B-661C-41AA-A10C-FDA8C26EBAA3}"
EndProject
Project("{FAE04EC0-301F-11D3-BF4B-00C04F79EFBC}") = "Exercicio 08", "Exercicio 08\Exercicio 08.csproj", "{2912762B-52B6-4851-85D0-73913601E503}"
EndProject
Project("{FAE04EC0-301F-11D3-BF4B-00C04F79EFBC}") = "Exercicio 09", "Exercicio 09\Exercicio 09.csproj", "{D83F0037-7F2D-44B5-BE17-9A699FC80F3E}"
EndProject
Global
	GlobalSection(SolutionConfigurationPlatforms) = preSolution
		Debug|Any CPU = Debug|Any CPU
		Release|Any CPU = Release|Any CPU
	EndGlobalSection
	GlobalSection(ProjectConfigurationPlatforms) = postSolution
		{396D6270-877D-4282-A567-2C11D72F0B53}.Debug|Any CPU.ActiveCfg = Debug|Any CPU
		{396D6270-877D-4282-A567-2C11D72F0B53}.Debug|Any CPU.Build.0 = Debug|Any CPU
		{396D6270-877D-4282-A567-2C11D72F0B53}.Release|Any CPU.ActiveCfg = Release|Any CPU
		{396D6270-877D-4282-A567-2C11D72F0B53}.Release|Any CPU.Build.0 = Release|Any CPU
		{80268000-8CCF-41F1-91C6-3B32F81FFD39}.Debug|Any CPU.ActiveCfg = Debug|Any CPU
		{80268000-8CCF-41F1-91C6-3B32F81FFD39}.Debug|Any CPU.Build.0 = Debug|Any CPU
		{80268000-8CCF-41F1-91C6-3B32F81FFD39}.Release|Any CPU.ActiveCfg = Release|Any CPU
		{80268000-8CCF-41F1-91C6-3B32F81FFD39}.Release|Any CPU.Build.0 = Release|Any CPU
		{DCEA4691-8683-402D-A346-4D02E615F618}.Debug|Any CPU.ActiveCfg = Debug|Any CPU
		{DCEA4691-8683-402D-A346-4D02E615F618}.Debug|Any CPU.Build.0 = Debug|Any CPU
		{DCEA4691-8683-402D-A346-4D02E615F618}.Release|Any CPU.ActiveCfg = Release|Any CPU
		{DCEA4691-8683-402D-A346-4D02E615F618}.Release|Any CPU.Build.0 = Release|Any CPU
		{2285909D-E8A0-43AD-B15E-C6986EA7275E}.Debug|Any CPU.ActiveCfg = Debug|Any CPU
		{2285909D-E8A0-43AD-B15E-C6986EA7275E}.Debug|Any CPU.Build.0 = Debug|Any CPU
		{2285909D-E8A0-43AD-B15E-C6986EA7275E}.Release|Any CPU.ActiveCfg = Release|Any CPU
		{2285909D-E8A0-43AD-B15E-C6986EA7275E}.Release|Any CPU.Build.0 = Release|Any CPU
		{0ADAB5E8-B8E4-4EF2-BF2B-9DB822814ED9}.Debug|Any CPU.ActiveCfg = Debug|Any CPU
		{0ADAB5E8-B8E4-4EF2-BF2B-9DB822814ED9}.Debug|Any CPU.Build.0 = Debug|Any CPU
		{0ADAB5E8-B8E4-4EF2-BF2B-9DB822814ED9}.Release|Any CPU.ActiveCfg = Release|Any CPU
		{0ADAB5E8-B8E4-4EF2-BF2B-9DB822814ED9}.Release|Any CPU.Build.0 = Release|Any CPU
		{4EC5C8E9-8132-42D6-98EE-1E632629C2E0}.Debug|Any CPU.ActiveCfg = Debug|Any CPU
		{4EC5C8E9-8132-42D6-98EE-1E632629C2E0}.Debug|Any CPU.Build.0 = Debug|Any CPU
		{4EC5C8E9-8132-42D6-98EE-1E632629C2E0}.Release|Any CPU.ActiveCfg = Release|Any CPU
		{4EC5C8E9-8132-42D6-98EE-1E632629C2E0}.Release|Any CPU.Build.0 = Release|Any CPU
		{2D3BCF6B-661C-41AA-A10C-FDA8C26EBAA3}.Debug|Any CPU.ActiveCfg = Debug|Any CPU
		{2D3BCF6B-661C-41AA-A10C-FDA8C26EBAA3}.Debug|Any CPU.Build.0 = Debug|Any CPU
		{2D3BCF6B-661C-41AA-A10C-FDA8C26EBAA3}.Release|Any CPU.ActiveCfg = Release|Any CPU
		{2D3BCF6B-661C-41AA-A10C-FDA8C26EBAA3}.Release|Any CPU.Build.0 = Release|Any CPU
		{2912762B-52B6-4851-85D0-73913601E503}.Debug|Any CPU.ActiveCfg = Debug|Any CPU
		{2912762B-52B6-4851-85D0-73913601E503}.Debug|Any CPU.Build.0 = Debug|Any CPU
		{2912762B-52B6-4851-85D0-73913601E503}.Release|Any CPU.ActiveCfg = Release|Any CPU
		{2912762B-52B6-4851-85D0-73913601E503}.Release|Any CPU.Build.0 = Release|Any CPU
		{D83F0037-7F2D-44B5-BE17-9A699FC80F3E}.Debug|Any CPU.ActiveCfg = Debug|Any CPU
		{D83F0037-7F2D-44B5-BE17-9A699FC80F3E}.Debug|Any CPU.Build.0 = Debug|Any CPU
		{D83F0037-7F2D-44B5-BE17-9A699FC80F3E}.Release|Any CPU.ActiveCfg = Release|Any CPU
		{D83F0037-7F2D-44B5-BE17-9A699FC80F3E}.Release|Any CPU.Build.0 = Release|Any CPU
	EndGlobalSection
	GlobalSection(SolutionProperties) = preSolution
		HideSolutionNode = FALSE
	EndGlobalSection
	GlobalSection(ExtensibilityGlobals) = postSolution
		SolutionGuid = {7D531309-342A-4B33-A01C-CB0CBC39D99C}
	EndGlobalSection
EndGlobal
