
Microsoft Visual Studio Solution File, Format Version 12.00
# Visual Studio Version 17
VisualStudioVersion = 17.13.35825.156 d17.13
MinimumVisualStudioVersion = 10.0.40219.1
Project("{FAE04EC0-301F-11D3-BF4B-00C04F79EFBC}") = "Exercicio01", "Exercicio01\Exercicio01.csproj", "{396D6270-877D-4282-A567-2C11D72F0B53}"
EndProject
Global
	GlobalSection(SolutionConfigurationPlatforms) = preSolution
		Debug|Any CPU = Debug|Any CPU
		Release|Any CPU = Release|Any CPU
	EndGlobalSection
	GlobalSection(ProjectConfigurationPlatforms) = postSolution
		{396D6270-877D-4282-A567-2C11D72F0B53}.Debug|Any CPU.ActiveCfg = Debug|Any CPU
		{396D6270-877D-4282-A567-2C11D72F0B53}.Debug|Any CPU.Build.0 = Debug|Any CPU
		{396D6270-877D-4282-A567-2C11D72F0B53}.Release|Any CPU.ActiveCfg = Release|Any CPU
		{396D6270-877D-4282-A567-2C11D72F0B53}.Release|Any CPU.Build.0 = Release|Any CPU
	EndGlobalSection
	GlobalSection(SolutionProperties) = preSolution
		HideSolutionNode = FALSE
	EndGlobalSection
	GlobalSection(ExtensibilityGlobals) = postSolution
		SolutionGuid = {7D531309-342A-4B33-A01C-CB0CBC39D99C}
	EndGlobalSection
EndGlobal
